{
  "name": "sakaoglustoreBackend",
  "lockfileVersion": 3,
  "requires": true,
  "packages": {
    "": {
      "dependencies": {
        "node-cron": "^4.0.5"
      }
    },
    "node_modules/node-cron": {
      "version": "4.0.5",
      "resolved": "https://registry.npmjs.org/node-cron/-/node-cron-4.0.5.tgz",
      "integrity": "sha512-XN5PwNBniFz6y9Ic/VChtrBtlXfAqdKUFou7nid/1pLGNFKO7cXN1nmLKUL7KLnM/Y4nUe5/EC+GsAghCj/N5g==",
      "license": "ISC",
      "engines": {
        "node": ">=6.0.0"
      }
    }
  }
}
